
Microsoft Visual Studio Solution File, Format Version 12.00
# Visual Studio Version 17
VisualStudioVersion = 17.5.33502.453
MinimumVisualStudioVersion = 10.0.40219.1
Project("{9A19103F-16F7-4668-BE54-9A1E7A4F7556}") = "Web", "Web\Web.csproj", "{3796F5C4-B720-4006-B3AA-863D4D9C2FDB}"
EndProject
Project("{9A19103F-16F7-4668-BE54-9A1E7A4F7556}") = "ApplicationCore", "ApplicationCore\ApplicationCore.csproj", "{24AFD926-CE11-4CEF-AECF-B0A75545CCEC}"
EndProject
Project("{FAE04EC0-301F-11D3-BF4B-00C04F79EFBC}") = "Infrastructure", "Infrastructure\Infrastructure.csproj", "{C6BB39B4-3091-4EA0-ACD0-0381D510723F}"
EndProject
Global
	GlobalSection(SolutionConfigurationPlatforms) = preSolution
		Debug|Any CPU = Debug|Any CPU
		Release|Any CPU = Release|Any CPU
	EndGlobalSection
	GlobalSection(ProjectConfigurationPlatforms) = postSolution
		{3796F5C4-B720-4006-B3AA-863D4D9C2FDB}.Debug|Any CPU.ActiveCfg = Debug|Any CPU
		{3796F5C4-B720-4006-B3AA-863D4D9C2FDB}.Debug|Any CPU.Build.0 = Debug|Any CPU
		{3796F5C4-B720-4006-B3AA-863D4D9C2FDB}.Release|Any CPU.ActiveCfg = Release|Any CPU
		{3796F5C4-B720-4006-B3AA-863D4D9C2FDB}.Release|Any CPU.Build.0 = Release|Any CPU
		{24AFD926-CE11-4CEF-AECF-B0A75545CCEC}.Debug|Any CPU.ActiveCfg = Debug|Any CPU
		{24AFD926-CE11-4CEF-AECF-B0A75545CCEC}.Debug|Any CPU.Build.0 = Debug|Any CPU
		{24AFD926-CE11-4CEF-AECF-B0A75545CCEC}.Release|Any CPU.ActiveCfg = Release|Any CPU
		{24AFD926-CE11-4CEF-AECF-B0A75545CCEC}.Release|Any CPU.Build.0 = Release|Any CPU
		{C6BB39B4-3091-4EA0-ACD0-0381D510723F}.Debug|Any CPU.ActiveCfg = Debug|Any CPU
		{C6BB39B4-3091-4EA0-ACD0-0381D510723F}.Debug|Any CPU.Build.0 = Debug|Any CPU
		{C6BB39B4-3091-4EA0-ACD0-0381D510723F}.Release|Any CPU.ActiveCfg = Release|Any CPU
		{C6BB39B4-3091-4EA0-ACD0-0381D510723F}.Release|Any CPU.Build.0 = Release|Any CPU
	EndGlobalSection
	GlobalSection(SolutionProperties) = preSolution
		HideSolutionNode = FALSE
	EndGlobalSection
	GlobalSection(ExtensibilityGlobals) = postSolution
		SolutionGuid = {CABC6E22-150D-467B-841D-ECDEFB19BF99}
	EndGlobalSection
EndGlobal
